// !$*UTF8*$!
{
	archiveVersion = 1;
	classes = {
	};
	objectVersion = 46;
	objects = {

/* Begin PBXBuildFile section */
		D0C9D0391B9D6D2800BE360E /* main.m in Sources */ = {isa = PBXBuildFile; fileRef = D0C9D0381B9D6D2800BE360E /* main.m */; };
		D0C9D03C1B9D6D2800BE360E /* AppDelegate.m in Sources */ = {isa = PBXBuildFile; fileRef = D0C9D03B1B9D6D2800BE360E /* AppDelegate.m */; };
		D0C9D03F1B9D6D2800BE360E /* ViewController.m in Sources */ = {isa = PBXBuildFile; fileRef = D0C9D03E1B9D6D2800BE360E /* ViewController.m */; };
		D0C9D0421B9D6D2800BE360E /* Main.storyboard in Resources */ = {isa = PBXBuildFile; fileRef = D0C9D0401B9D6D2800BE360E /* Main.storyboard */; };
		D0C9D0441B9D6D2800BE360E /* Images.xcassets in Resources */ = {isa = PBXBuildFile; fileRef = D0C9D0431B9D6D2800BE360E /* Images.xcassets */; };
		D0C9D0471B9D6D2800BE360E /* LaunchScreen.xib in Resources */ = {isa = PBXBuildFile; fileRef = D0C9D0451B9D6D2800BE360E /* LaunchScreen.xib */; };
		D0C9D0531B9D6D2900BE360E /* WebviewPlayVideoTests.m in Sources */ = {isa = PBXBuildFile; fileRef = D0C9D0521B9D6D2900BE360E /* WebviewPlayVideoTests.m */; };
/* End PBXBuildFile section */

/* Begin PBXContainerItemProxy section */
		D0C9D04D1B9D6D2900BE360E /* PBXContainerItemProxy */ = {
			isa = PBXContainerItemProxy;
			containerPortal = D0C9D02B1B9D6D2800BE360E /* Project object */;
			proxyType = 1;
			remoteGlobalIDString = D0C9D0321B9D6D2800BE360E;
			remoteInfo = WebviewPlayVideo;
		};
/* End PBXContainerItemProxy section */

/* Begin PBXFileReference section */
		D0C9D0331B9D6D2800BE360E /* WebviewPlayVideo.app */ = {isa = PBXFileReference; explicitFileType = wrapper.application; includeInIndex = 0; path = WebviewPlayVideo.app; sourceTree = BUILT_PRODUCTS_DIR; };
		D0C9D0371B9D6D2800BE360E /* Info.plist */ = {isa = PBXFileReference; lastKnownFileType = text.plist.xml; path = Info.plist; sourceTree = "<group>"; };
		D0C9D0381B9D6D2800BE360E /* main.m */ = {isa = PBXFileReference; lastKnownFileType = sourcecode.c.objc; path = main.m; sourceTree = "<group>"; };
		D0C9D03A1B9D6D2800BE360E /* AppDelegate.h */ = {isa = PBXFileReference; lastKnownFileType = sourcecode.c.h; path = AppDelegate.h; sourceTree = "<group>"; };
		D0C9D03B1B9D6D2800BE360E /* AppDelegate.m */ = {isa = PBXFileReference; lastKnownFileType = sourcecode.c.objc; path = AppDelegate.m; sourceTree = "<group>"; };
		D0C9D03D1B9D6D2800BE360E /* ViewController.h */ = {isa = PBXFileReference; lastKnownFileType = sourcecode.c.h; path = ViewController.h; sourceTree = "<group>"; };
		D0C9D03E1B9D6D2800BE360E /* ViewController.m */ = {isa = PBXFileReference; lastKnownFileType = sourcecode.c.objc; path = ViewController.m; sourceTree = "<group>"; };
		D0C9D0411B9D6D2800BE360E /* Base */ = {isa = PBXFileReference; lastKnownFileType = file.storyboard; name = Base; path = Base.lproj/Main.storyboard; sourceTree = "<group>"; };
		D0C9D0431B9D6D2800BE360E /* Images.xcassets */ = {isa = PBXFileReference; lastKnownFileType = folder.assetcatalog; path = Images.xcassets; sourceTree = "<group>"; };
		D0C9D0461B9D6D2800BE360E /* Base */ = {isa = PBXFileReference; lastKnownFileType = file.xib; name = Base; path = Base.lproj/LaunchScreen.xib; sourceTree = "<group>"; };
		D0C9D04C1B9D6D2900BE360E /* WebviewPlayVideoTests.xctest */ = {isa = PBXFileReference; explicitFileType = wrapper.cfbundle; includeInIndex = 0; path = WebviewPlayVideoTests.xctest; sourceTree = BUILT_PRODUCTS_DIR; };
		D0C9D0511B9D6D2900BE360E /* Info.plist */ = {isa = PBXFileReference; lastKnownFileType = text.plist.xml; path = Info.plist; sourceTree = "<group>"; };
		D0C9D0521B9D6D2900BE360E /* WebviewPlayVideoTests.m */ = {isa = PBXFileReference; lastKnownFileType = sourcecode.c.objc; path = WebviewPlayVideoTests.m; sourceTree = "<group>"; };
/* End PBXFileReference section */

/* Begin PBXFrameworksBuildPhase section */
		D0C9D0301B9D6D2800BE360E /* Frameworks */ = {
			isa = PBXFrameworksBuildPhase;
			buildActionMask = 2147483647;
			files = (
			);
			runOnlyForDeploymentPostprocessing = 0;
		};
		D0C9D0491B9D6D2900BE360E /* Frameworks */ = {
			isa = PBXFrameworksBuildPhase;
			buildActionMask = 2147483647;
			files = (
			);
			runOnlyForDeploymentPostprocessing = 0;
		};
/* End PBXFrameworksBuildPhase section */

/* Begin PBXGroup section */
		D0C9D02A1B9D6D2800BE360E = {
			isa = PBXGroup;
			children = (
				D0C9D0351B9D6D2800BE360E /* WebviewPlayVideo */,
				D0C9D04F1B9D6D2900BE360E /* WebviewPlayVideoTests */,
				D0C9D0341B9D6D2800BE360E /* Products */,
			);
			sourceTree = "<group>";
		};
		D0C9D0341B9D6D2800BE360E /* Products */ = {
			isa = PBXGroup;
			children = (
				D0C9D0331B9D6D2800BE360E /* WebviewPlayVideo.app */,
				D0C9D04C1B9D6D2900BE360E /* WebviewPlayVideoTests.xctest */,
			);
			name = Products;
			sourceTree = "<group>";
		};
		D0C9D0351B9D6D2800BE360E /* WebviewPlayVideo */ = {
			isa = PBXGroup;
			children = (
				D0C9D03A1B9D6D2800BE360E /* AppDelegate.h */,
				D0C9D03B1B9D6D2800BE360E /* AppDelegate.m */,
				D0C9D03D1B9D6D2800BE360E /* ViewController.h */,
				D0C9D03E1B9D6D2800BE360E /* ViewController.m */,
				D0C9D0401B9D6D2800BE360E /* Main.storyboard */,
				D0C9D0431B9D6D2800BE360E /* Images.xcassets */,
				D0C9D0451B9D6D2800BE360E /* LaunchScreen.xib */,
				D0C9D0361B9D6D2800BE360E /* Supporting Files */,
			);
			path = WebviewPlayVideo;
			sourceTree = "<group>";
		};
		D0C9D0361B9D6D2800BE360E /* Supporting Files */ = {
			isa = PBXGroup;
			children = (
				D0C9D0371B9D6D2800BE360E /* Info.plist */,
				D0C9D0381B9D6D2800BE360E /* main.m */,
			);
			name = "Supporting Files";
			sourceTree = "<group>";
		};
		D0C9D04F1B9D6D2900BE360E /* WebviewPlayVideoTests */ = {
			isa = PBXGroup;
			children = (
				D0C9D0521B9D6D2900BE360E /* WebviewPlayVideoTests.m */,
				D0C9D0501B9D6D2900BE360E /* Supporting Files */,
			);
			path = WebviewPlayVideoTests;
			sourceTree = "<group>";
		};
		D0C9D0501B9D6D2900BE360E /* Supporting Files */ = {
			isa = PBXGroup;
			children = (
				D0C9D0511B9D6D2900BE360E /* Info.plist */,
			);
			name = "Supporting Files";
			sourceTree = "<group>";
		};
/* End PBXGroup section */

/* Begin PBXNativeTarget section */
		D0C9D0321B9D6D2800BE360E /* WebviewPlayVideo */ = {
			isa = PBXNativeTarget;
			buildConfigurationList = D0C9D0561B9D6D2900BE360E /* Build configuration list for PBXNativeTarget "WebviewPlayVideo" */;
			buildPhases = (
				D0C9D02F1B9D6D2800BE360E /* Sources */,
				D0C9D0301B9D6D2800BE360E /* Frameworks */,
				D0C9D0311B9D6D2800BE360E /* Resources */,
			);
			buildRules = (
			);
			dependencies = (
			);
			name = WebviewPlayVideo;
			productName = WebviewPlayVideo;
			productReference = D0C9D0331B9D6D2800BE360E /* WebviewPlayVideo.app */;
			productType = "com.apple.product-type.application";
		};
		D0C9D04B1B9D6D2900BE360E /* WebviewPlayVideoTests */ = {
			isa = PBXNativeTarget;
			buildConfigurationList = D0C9D0591B9D6D2900BE360E /* Build configuration list for PBXNativeTarget "WebviewPlayVideoTests" */;
			buildPhases = (
				D0C9D0481B9D6D2900BE360E /* Sources */,
				D0C9D0491B9D6D2900BE360E /* Frameworks */,
				D0C9D04A1B9D6D2900BE360E /* Resources */,
			);
			buildRules = (
			);
			dependencies = (
				D0C9D04E1B9D6D2900BE360E /* PBXTargetDependency */,
			);
			name = WebviewPlayVideoTests;
			productName = WebviewPlayVideoTests;
			productReference = D0C9D04C1B9D6D2900BE360E /* WebviewPlayVideoTests.xctest */;
			productType = "com.apple.product-type.bundle.unit-test";
		};
/* End PBXNativeTarget section */

/* Begin PBXProject section */
		D0C9D02B1B9D6D2800BE360E /* Project object */ = {
			isa = PBXProject;
			attributes = {
				LastUpgradeCheck = 0640;
				ORGANIZATIONNAME = "化召鹏";
				TargetAttributes = {
					D0C9D0321B9D6D2800BE360E = {
						CreatedOnToolsVersion = 6.4;
					};
					D0C9D04B1B9D6D2900BE360E = {
						CreatedOnToolsVersion = 6.4;
						TestTargetID = D0C9D0321B9D6D2800BE360E;
					};
				};
			};
			buildConfigurationList = D0C9D02E1B9D6D2800BE360E /* Build configuration list for PBXProject "WebviewPlayVideo" */;
			compatibilityVersion = "Xcode 3.2";
			developmentRegion = English;
			hasScannedForEncodings = 0;
			knownRegions = (
				en,
				Base,
			);
			mainGroup = D0C9D02A1B9D6D2800BE360E;
			productRefGroup = D0C9D0341B9D6D2800BE360E /* Products */;
			projectDirPath = "";
			projectRoot = "";
			targets = (
				D0C9D0321B9D6D2800BE360E /* WebviewPlayVideo */,
				D0C9D04B1B9D6D2900BE360E /* WebviewPlayVideoTests */,
			);
		};
/* End PBXProject section */

/* Begin PBXResourcesBuildPhase section */
		D0C9D0311B9D6D2800BE360E /* Resources */ = {
			isa = PBXResourcesBuildPhase;
			buildActionMask = 2147483647;
			files = (
				D0C9D0421B9D6D2800BE360E /* Main.storyboard in Resources */,
				D0C9D0471B9D6D2800BE360E /* LaunchScreen.xib in Resources */,
				D0C9D0441B9D6D2800BE360E /* Images.xcassets in Resources */,
			);
			runOnlyForDeploymentPostprocessing = 0;
		};
		D0C9D04A1B9D6D2900BE360E /* Resources */ = {
			isa = PBXResourcesBuildPhase;
			buildActionMask = 2147483647;
			files = (
			);
			runOnlyForDeploymentPostprocessing = 0;
		};
/* End PBXResourcesBuildPhase section */

/* Begin PBXSourcesBuildPhase section */
		D0C9D02F1B9D6D2800BE360E /* Sources */ = {
			isa = PBXSourcesBuildPhase;
			buildActionMask = 2147483647;
			files = (
				D0C9D03F1B9D6D2800BE360E /* ViewController.m in Sources */,
				D0C9D03C1B9D6D2800BE360E /* AppDelegate.m in Sources */,
				D0C9D0391B9D6D2800BE360E /* main.m in Sources */,
			);
			runOnlyForDeploymentPostprocessing = 0;
		};
		D0C9D0481B9D6D2900BE360E /* Sources */ = {
			isa = PBXSourcesBuildPhase;
			buildActionMask = 2147483647;
			files = (
				D0C9D0531B9D6D2900BE360E /* WebviewPlayVideoTests.m in Sources */,
			);
			runOnlyForDeploymentPostprocessing = 0;
		};
/* End PBXSourcesBuildPhase section */

/* Begin PBXTargetDependency section */
		D0C9D04E1B9D6D2900BE360E /* PBXTargetDependency */ = {
			isa = PBXTargetDependency;
			target = D0C9D0321B9D6D2800BE360E /* WebviewPlayVideo */;
			targetProxy = D0C9D04D1B9D6D2900BE360E /* PBXContainerItemProxy */;
		};
/* End PBXTargetDependency section */

/* Begin PBXVariantGroup section */
		D0C9D0401B9D6D2800BE360E /* Main.storyboard */ = {
			isa = PBXVariantGroup;
			children = (
				D0C9D0411B9D6D2800BE360E /* Base */,
			);
			name = Main.storyboard;
			sourceTree = "<group>";
		};
		D0C9D0451B9D6D2800BE360E /* LaunchScreen.xib */ = {
			isa = PBXVariantGroup;
			children = (
				D0C9D0461B9D6D2800BE360E /* Base */,
			);
			name = LaunchScreen.xib;
			sourceTree = "<group>";
		};
/* End PBXVariantGroup section */

/* Begin XCBuildConfiguration section */
		D0C9D0541B9D6D2900BE360E /* Debug */ = {
			isa = XCBuildConfiguration;
			buildSettings = {
				ALWAYS_SEARCH_USER_PATHS = NO;
				CLANG_CXX_LANGUAGE_STANDARD = "gnu++0x";
				CLANG_CXX_LIBRARY = "libc++";
				CLANG_ENABLE_MODULES = YES;
				CLANG_ENABLE_OBJC_ARC = YES;
				CLANG_WARN_BOOL_CONVERSION = YES;
				CLANG_WARN_CONSTANT_CONVERSION = YES;
				CLANG_WARN_DIRECT_OBJC_ISA_USAGE = YES_ERROR;
				CLANG_WARN_EMPTY_BODY = YES;
				CLANG_WARN_ENUM_CONVERSION = YES;
				CLANG_WARN_INT_CONVERSION = YES;
				CLANG_WARN_OBJC_ROOT_CLASS = YES_ERROR;
				CLANG_WARN_UNREACHABLE_CODE = YES;
				CLANG_WARN__DUPLICATE_METHOD_MATCH = YES;
				"CODE_SIGN_IDENTITY[sdk=iphoneos*]" = "iPhone Developer";
				COPY_PHASE_STRIP = NO;
				DEBUG_INFORMATION_FORMAT = "dwarf-with-dsym";
				ENABLE_STRICT_OBJC_MSGSEND = YES;
				GCC_C_LANGUAGE_STANDARD = gnu99;
				GCC_DYNAMIC_NO_PIC = NO;
				GCC_NO_COMMON_BLOCKS = YES;
				GCC_OPTIMIZATION_LEVEL = 0;
				GCC_PREPROCESSOR_DEFINITIONS = (
					"DEBUG=1",
					"$(inherited)",
				);
				GCC_SYMBOLS_PRIVATE_EXTERN = NO;
				GCC_WARN_64_TO_32_BIT_CONVERSION = YES;
				GCC_WARN_ABOUT_RETURN_TYPE = YES_ERROR;
				GCC_WARN_UNDECLARED_SELECTOR = YES;
				GCC_WARN_UNINITIALIZED_AUTOS = YES_AGGRESSIVE;
				GCC_WARN_UNUSED_FUNCTION = YES;
				GCC_WARN_UNUSED_VARIABLE = YES;
				IPHONEOS_DEPLOYMENT_TARGET = 8.4;
				MTL_ENABLE_DEBUG_INFO = YES;
				ONLY_ACTIVE_ARCH = YES;
				SDKROOT = iphoneos;
			};
			name = Debug;
		};
		D0C9D0551B9D6D2900BE360E /* Release */ = {
			isa = XCBuildConfiguration;
			buildSettings = {
				ALWAYS_SEARCH_USER_PATHS = NO;
				CLANG_CXX_LANGUAGE_STANDARD = "gnu++0x";
				CLANG_CXX_LIBRARY = "libc++";
				CLANG_ENABLE_MODULES = YES;
				CLANG_ENABLE_OBJC_ARC = YES;
				CLANG_WARN_BOOL_CONVERSION = YES;
				CLANG_WARN_CONSTANT_CONVERSION = YES;
				CLANG_WARN_DIRECT_OBJC_ISA_USAGE = YES_ERROR;
				CLANG_WARN_EMPTY_BODY = YES;
				CLANG_WARN_ENUM_CONVERSION = YES;
				CLANG_WARN_INT_CONVERSION = YES;
				CLANG_WARN_OBJC_ROOT_CLASS = YES_ERROR;
				CLANG_WARN_UNREACHABLE_CODE = YES;
				CLANG_WARN__DUPLICATE_METHOD_MATCH = YES;
				"CODE_SIGN_IDENTITY[sdk=iphoneos*]" = "iPhone Developer";
				COPY_PHASE_STRIP = NO;
				DEBUG_INFORMATION_FORMAT = "dwarf-with-dsym";
				ENABLE_NS_ASSERTIONS = NO;
				ENABLE_STRICT_OBJC_MSGSEND = YES;
				GCC_C_LANGUAGE_STANDARD = gnu99;
				GCC_NO_COMMON_BLOCKS = YES;
				GCC_WARN_64_TO_32_BIT_CONVERSION = YES;
				GCC_WARN_ABOUT_RETURN_TYPE = YES_ERROR;
				GCC_WARN_UNDECLARED_SELECTOR = YES;
				GCC_WARN_UNINITIALIZED_AUTOS = YES_AGGRESSIVE;
				GCC_WARN_UNUSED_FUNCTION = YES;
				GCC_WARN_UNUSED_VARIABLE = YES;
				IPHONEOS_DEPLOYMENT_TARGET = 8.4;
				MTL_ENABLE_DEBUG_INFO = NO;
				SDKROOT = iphoneos;
				VALIDATE_PRODUCT = YES;
			};
			name = Release;
		};
		D0C9D0571B9D6D2900BE360E /* Debug */ = {
			isa = XCBuildConfiguration;
			buildSettings = {
				ASSETCATALOG_COMPILER_APPICON_NAME = AppIcon;
				INFOPLIST_FILE = WebviewPlayVideo/Info.plist;
				LD_RUNPATH_SEARCH_PATHS = "$(inherited) @executable_path/Frameworks";
				PRODUCT_NAME = "$(TARGET_NAME)";
			};
			name = Debug;
		};
		D0C9D0581B9D6D2900BE360E /* Release */ = {
			isa = XCBuildConfiguration;
			buildSettings = {
				ASSETCATALOG_COMPILER_APPICON_NAME = AppIcon;
				INFOPLIST_FILE = WebviewPlayVideo/Info.plist;
				LD_RUNPATH_SEARCH_PATHS = "$(inherited) @executable_path/Frameworks";
				PRODUCT_NAME = "$(TARGET_NAME)";
			};
			name = Release;
		};
		D0C9D05A1B9D6D2900BE360E /* Debug */ = {
			isa = XCBuildConfiguration;
			buildSettings = {
				BUNDLE_LOADER = "$(TEST_HOST)";
				FRAMEWORK_SEARCH_PATHS = (
					"$(SDKROOT)/Developer/Library/Frameworks",
					"$(inherited)",
				);
				GCC_PREPROCESSOR_DEFINITIONS = (
					"DEBUG=1",
					"$(inherited)",
				);
				INFOPLIST_FILE = WebviewPlayVideoTests/Info.plist;
				LD_RUNPATH_SEARCH_PATHS = "$(inherited) @executable_path/Frameworks @loader_path/Frameworks";
				PRODUCT_NAME = "$(TARGET_NAME)";
				TEST_HOST = "$(BUILT_PRODUCTS_DIR)/WebviewPlayVideo.app/WebviewPlayVideo";
			};
			name = Debug;
		};
		D0C9D05B1B9D6D2900BE360E /* Release */ = {
			isa = XCBuildConfiguration;
			buildSettings = {
				BUNDLE_LOADER = "$(TEST_HOST)";
				FRAMEWORK_SEARCH_PATHS = (
					"$(SDKROOT)/Developer/Library/Frameworks",
					"$(inherited)",
				);
				INFOPLIST_FILE = WebviewPlayVideoTests/Info.plist;
				LD_RUNPATH_SEARCH_PATHS = "$(inherited) @executable_path/Frameworks @loader_path/Frameworks";
				PRODUCT_NAME = "$(TARGET_NAME)";
				TEST_HOST = "$(BUILT_PRODUCTS_DIR)/WebviewPlayVideo.app/WebviewPlayVideo";
			};
			name = Release;
		};
/* End XCBuildConfiguration section */

/* Begin XCConfigurationList section */
		D0C9D02E1B9D6D2800BE360E /* Build configuration list for PBXProject "WebviewPlayVideo" */ = {
			isa = XCConfigurationList;
			buildConfigurations = (
				D0C9D0541B9D6D2900BE360E /* Debug */,
				D0C9D0551B9D6D2900BE360E /* Release */,
			);
			defaultConfigurationIsVisible = 0;
			defaultConfigurationName = Release;
		};
		D0C9D0561B9D6D2900BE360E /* Build configuration list for PBXNativeTarget "WebviewPlayVideo" */ = {
			isa = XCConfigurationList;
			buildConfigurations = (
				D0C9D0571B9D6D2900BE360E /* Debug */,
				D0C9D0581B9D6D2900BE360E /* Release */,
			);
			defaultConfigurationIsVisible = 0;
		};
		D0C9D0591B9D6D2900BE360E /* Build configuration list for PBXNativeTarget "WebviewPlayVideoTests" */ = {
			isa = XCConfigurationList;
			buildConfigurations = (
				D0C9D05A1B9D6D2900BE360E /* Debug */,
				D0C9D05B1B9D6D2900BE360E /* Release */,
			);
			defaultConfigurationIsVisible = 0;
		};
/* End XCConfigurationList section */
	};
	rootObject = D0C9D02B1B9D6D2800BE360E /* Project object */;
}
